
Microsoft Visual Studio Solution File, Format Version 12.00
# Visual Studio Version 17
VisualStudioVersion = 17.12.35707.178 d17.12
MinimumVisualStudioVersion = 10.0.40219.1
Project("{FAE04EC0-301F-11D3-BF4B-00C04F79EFBC}") = "GalaxyWorld", "GalaxyWorld\GalaxyWorld.csproj", "{994AA9A2-01E6-4933-BD8F-6A38EB237402}"
EndProject
Project("{FAE04EC0-301F-11D3-BF4B-00C04F79EFBC}") = "GalaxyWorldCli", "GalaxyWorldCli\GalaxyWorldCli.csproj", "{DA5312EB-050E-424A-87C3-4B63E826CC34}"
EndProject
Global
	GlobalSection(SolutionConfigurationPlatforms) = preSolution
		Debug|Any CPU = Debug|Any CPU
		Release|Any CPU = Release|Any CPU
	EndGlobalSection
	GlobalSection(ProjectConfigurationPlatforms) = postSolution
		{994AA9A2-01E6-4933-BD8F-6A38EB237402}.Debug|Any CPU.ActiveCfg = Debug|Any CPU
		{994AA9A2-01E6-4933-BD8F-6A38EB237402}.Debug|Any CPU.Build.0 = Debug|Any CPU
		{994AA9A2-01E6-4933-BD8F-6A38EB237402}.Release|Any CPU.ActiveCfg = Release|Any CPU
		{994AA9A2-01E6-4933-BD8F-6A38EB237402}.Release|Any CPU.Build.0 = Release|Any CPU
		{DA5312EB-050E-424A-87C3-4B63E826CC34}.Debug|Any CPU.ActiveCfg = Debug|Any CPU
		{DA5312EB-050E-424A-87C3-4B63E826CC34}.Debug|Any CPU.Build.0 = Debug|Any CPU
		{DA5312EB-050E-424A-87C3-4B63E826CC34}.Release|Any CPU.ActiveCfg = Release|Any CPU
		{DA5312EB-050E-424A-87C3-4B63E826CC34}.Release|Any CPU.Build.0 = Release|Any CPU
	EndGlobalSection
	GlobalSection(SolutionProperties) = preSolution
		HideSolutionNode = FALSE
	EndGlobalSection
EndGlobal
